<?xml version="1.0" encoding="utf-8"?>
<Project ToolsVersion="4.0" xmlns="http://schemas.microsoft.com/developer/msbuild/2003">
  <ItemGroup>
    <Filter Include="Source Files">
      <UniqueIdentifier>{4FC737F1-C7A5-4376-A066-2A32D752A2FF}</UniqueIdentifier>
      <Extensions>cpp;c;cc;cxx;def;odl;idl;hpj;bat;asm;asmx</Extensions>
    </Filter>
    <Filter Include="Header Files">
      <UniqueIdentifier>{93995380-89BD-4b04-88EB-625FBE52EBFB}</UniqueIdentifier>
      <Extensions>h;hh;hpp;hxx;hm;inl;inc;ipp;xsd</Extensions>
    </Filter>
    <Filter Include="Resource Files">
      <UniqueIdentifier>{67DA6AB6-F800-4c08-8B7A-83BB121AAD01}</UniqueIdentifier>
      <Extensions>rc;ico;cur;bmp;dlg;rc2;rct;bin;rgs;gif;jpg;jpeg;jpe;resx;tiff;tif;png;wav;mfcribbon-ms</Extensions>
    </Filter>
    <Filter Include="Source Files\Resources">
      <UniqueIdentifier>{d26415ca-a7bc-4bd2-ac5b-6b9f624d770d}</UniqueIdentifier>
    </Filter>
  </ItemGroup>
  <ItemGroup>
    <ClCompile Include="main.cpp">
      <Filter>Source Files</Filter>
    </ClCompile>
    <ClCompile Include="State.cpp">
      <Filter>Source Files</Filter>
    </ClCompile>
    <ClCompile Include="Asset.cpp">
      <Filter>Source Files</Filter>
    </ClCompile>
    <ClCompile Include="Input.cpp">
      <Filter>Source Files</Filter>
    </ClCompile>
    <ClCompile Include="Game.cpp">
      <Filter>Source Files</Filter>
    </ClCompile>
  </ItemGroup>
  <ItemGroup>
    <ClInclude Include="State.hpp">
      <Filter>Source Files</Filter>
    </ClInclude>
    <ClInclude Include="Asset.hpp">
      <Filter>Source Files</Filter>
    </ClInclude>
    <ClInclude Include="Input.hpp">
      <Filter>Header Files</Filter>
    </ClInclude>
    <ClInclude Include="Game.hpp">
      <Filter>Header Files</Filter>
    </ClInclude>
    <ClInclude Include="Def.hpp">
      <Filter>Source Files</Filter>
    </ClInclude>
  </ItemGroup>
  <ItemGroup>
    <Image Include="Resources\BG_Game.png">
      <Filter>Source Files\Resources</Filter>
    </Image>
    <Image Include="Resources\BG_Menu.png">
      <Filter>Source Files\Resources</Filter>
    </Image>
    <Image Include="Resources\BG_Score.png">
      <Filter>Source Files\Resources</Filter>
    </Image>
    <Image Include="Resources\IdleSange_0.png">
      <Filter>Source Files\Resources</Filter>
    </Image>
    <Image Include="Resources\IdleSange_1.png">
      <Filter>Source Files\Resources</Filter>
    </Image>
    <Image Include="Resources\IdleSange_2.png">
      <Filter>Source Files\Resources</Filter>
    </Image>
    <Image Include="Resources\IdleSange_3.png">
      <Filter>Source Files\Resources</Filter>
    </Image>
    <Image Include="Resources\IdleSange_4.png">
      <Filter>Source Files\Resources</Filter>
    </Image>
    <Image Include="Resources\IdleSange_5.png">
      <Filter>Source Files\Resources</Filter>
    </Image>
    <Image Include="Resources\IdleSange_6.png">
      <Filter>Source Files\Resources</Filter>
    </Image>
    <Image Include="Resources\IdleSange_7.png">
      <Filter>Source Files\Resources</Filter>
    </Image>
    <Image Include="Resources\IdleSange_8.png">
      <Filter>Source Files\Resources</Filter>
    </Image>
    <Image Include="Resources\IdleSange_9.png">
      <Filter>Source Files\Resources</Filter>
    </Image>
    <Image Include="Resources\IdleYasha_0.png">
      <Filter>Source Files\Resources</Filter>
    </Image>
    <Image Include="Resources\IdleYasha_1.png">
      <Filter>Source Files\Resources</Filter>
    </Image>
    <Image Include="Resources\IdleYasha_2.png">
      <Filter>Source Files\Resources</Filter>
    </Image>
    <Image Include="Resources\IdleYasha_3.png">
      <Filter>Source Files\Resources</Filter>
    </Image>
    <Image Include="Resources\IdleYasha_4.png">
      <Filter>Source Files\Resources</Filter>
    </Image>
    <Image Include="Resources\IdleYasha_5.png">
      <Filter>Source Files\Resources</Filter>
    </Image>
    <Image Include="Resources\IdleYasha_6.png">
      <Filter>Source Files\Resources</Filter>
    </Image>
    <Image Include="Resources\IdleYasha_7.png">
      <Filter>Source Files\Resources</Filter>
    </Image>
    <Image Include="Resources\IdleYasha_8.png">
      <Filter>Source Files\Resources</Filter>
    </Image>
    <Image Include="Resources\IdleYasha_9.png">
      <Filter>Source Files\Resources</Filter>
    </Image>
    <Image Include="Resources\Kunai.png">
      <Filter>Source Files\Resources</Filter>
    </Image>
    <Image Include="Resources\Sange_0.png">
      <Filter>Source Files\Resources</Filter>
    </Image>
    <Image Include="Resources\Sange_1.png">
      <Filter>Source Files\Resources</Filter>
    </Image>
    <Image Include="Resources\Sange_2.png">
      <Filter>Source Files\Resources</Filter>
    </Image>
    <Image Include="Resources\Sange_3.png">
      <Filter>Source Files\Resources</Filter>
    </Image>
    <Image Include="Resources\Sange_4.png">
      <Filter>Source Files\Resources</Filter>
    </Image>
    <Image Include="Resources\Sange_5.png">
      <Filter>Source Files\Resources</Filter>
    </Image>
    <Image Include="Resources\Sange_6.png">
      <Filter>Source Files\Resources</Filter>
    </Image>
    <Image Include="Resources\Sange_7.png">
      <Filter>Source Files\Resources</Filter>
    </Image>
    <Image Include="Resources\Sange_8.png">
      <Filter>Source Files\Resources</Filter>
    </Image>
    <Image Include="Resources\Sange_9.png">
      <Filter>Source Files\Resources</Filter>
    </Image>
    <Image Include="Resources\Yasha_0.png">
      <Filter>Source Files\Resources</Filter>
    </Image>
    <Image Include="Resources\Yasha_1.png">
      <Filter>Source Files\Resources</Filter>
    </Image>
    <Image Include="Resources\Yasha_2.png">
      <Filter>Source Files\Resources</Filter>
    </Image>
    <Image Include="Resources\Yasha_3.png">
      <Filter>Source Files\Resources</Filter>
    </Image>
    <Image Include="Resources\Yasha_4.png">
      <Filter>Source Files\Resources</Filter>
    </Image>
    <Image Include="Resources\Yasha_5.png">
      <Filter>Source Files\Resources</Filter>
    </Image>
    <Image Include="Resources\Yasha_6.png">
      <Filter>Source Files\Resources</Filter>
    </Image>
    <Image Include="Resources\Yasha_7.png">
      <Filter>Source Files\Resources</Filter>
    </Image>
    <Image Include="Resources\Yasha_8.png">
      <Filter>Source Files\Resources</Filter>
    </Image>
    <Image Include="Resources\Yasha_9.png">
      <Filter>Source Files\Resources</Filter>
    </Image>
  </ItemGroup>
</Project>